# This file is automatically @generated by Cargo.
# It is not intended for manual editing.
version = 3

[[package]]
name = "my-project"
version = "0.1.0"
# workspace member — no source field, should be skipped

[[package]]
name = "serde"
version = "1.0.217"
source = "registry+https://github.com/rust-lang/crates.io-index"
checksum = "02fc4265df13d6fa1d00ecff087ec70dcf6cad8055ae2e86f4a4de4c6cfeeb9e"

[[package]]
name = "tokio"
version = "1.41.1"
source = "registry+https://github.com/rust-lang/crates.io-index"
checksum = "22cfb5bee7a6a52939ca10a94d37ac8f21a88b4c86968bbc6b8f21bfc35d0e1f"
dependencies = [
 "serde",
]

[[package]]
name = "my-fork"
version = "0.2.0"
source = "git+https://github.com/example/my-fork.git#abc123"

[[package]]
name = "internal-utils"
version = "0.0.0"
# another workspace member, no source
